// !$*UTF8*$!
{
	archiveVersion = 1;
	classes = {
	};
	objectVersion = 56;
	objects = {

/* Begin PBXBuildFile section */
		B78A73F829D1E0520007B250 /* AppDelegate.swift in Sources */ = {isa = PBXBuildFile; fileRef = B78A73F729D1E0520007B250 /* AppDelegate.swift */; };
		B78A73FA29D1E0520007B250 /* SceneDelegate.swift in Sources */ = {isa = PBXBuildFile; fileRef = B78A73F929D1E0520007B250 /* SceneDelegate.swift */; };
		B78A73FC29D1E0520007B250 /* ViewController.swift in Sources */ = {isa = PBXBuildFile; fileRef = B78A73FB29D1E0520007B250 /* ViewController.swift */; };
		B78A73FF29D1E0520007B250 /* Main.storyboard in Resources */ = {isa = PBXBuildFile; fileRef = B78A73FD29D1E0520007B250 /* Main.storyboard */; };
		B78A740129D1E0530007B250 /* Assets.xcassets in Resources */ = {isa = PBXBuildFile; fileRef = B78A740029D1E0530007B250 /* Assets.xcassets */; };
		B78A740429D1E0530007B250 /* LaunchScreen.storyboard in Resources */ = {isa = PBXBuildFile; fileRef = B78A740229D1E0530007B250 /* LaunchScreen.storyboard */; };
		B78A740D29D1E0880007B250 /* User.swift in Sources */ = {isa = PBXBuildFile; fileRef = B78A740C29D1E0880007B250 /* User.swift */; };
		B78A740F29D1E0920007B250 /* Post.swift in Sources */ = {isa = PBXBuildFile; fileRef = B78A740E29D1E0920007B250 /* Post.swift */; };
		B78A741229D1E11B0007B250 /* LoginViewController.swift in Sources */ = {isa = PBXBuildFile; fileRef = B78A741129D1E11B0007B250 /* LoginViewController.swift */; };
		B78A741429D1E1470007B250 /* SignUpViewController.swift in Sources */ = {isa = PBXBuildFile; fileRef = B78A741329D1E1470007B250 /* SignUpViewController.swift */; };
		B78A741629D1E1670007B250 /* FeedViewController.swift in Sources */ = {isa = PBXBuildFile; fileRef = B78A741529D1E1670007B250 /* FeedViewController.swift */; };
		B78A741929D1E1950007B250 /* PostCell.swift in Sources */ = {isa = PBXBuildFile; fileRef = B78A741829D1E1950007B250 /* PostCell.swift */; };
		B78A741C29D1E1C60007B250 /* PostViewController.swift in Sources */ = {isa = PBXBuildFile; fileRef = B78A741B29D1E1C60007B250 /* PostViewController.swift */; };
		B78A741F29D1E20F0007B250 /* DateFormatter+Extensions.swift in Sources */ = {isa = PBXBuildFile; fileRef = B78A741E29D1E20F0007B250 /* DateFormatter+Extensions.swift */; };
/* End PBXBuildFile section */

/* Begin PBXFileReference section */
		B78A73F429D1E0520007B250 /* BeReal.app */ = {isa = PBXFileReference; explicitFileType = wrapper.application; includeInIndex = 0; path = BeReal.app; sourceTree = BUILT_PRODUCTS_DIR; };
		B78A73F729D1E0520007B250 /* AppDelegate.swift */ = {isa = PBXFileReference; lastKnownFileType = sourcecode.swift; path = AppDelegate.swift; sourceTree = "<group>"; };
		B78A73F929D1E0520007B250 /* SceneDelegate.swift */ = {isa = PBXFileReference; lastKnownFileType = sourcecode.swift; path = SceneDelegate.swift; sourceTree = "<group>"; };
		B78A73FB29D1E0520007B250 /* ViewController.swift */ = {isa = PBXFileReference; lastKnownFileType = sourcecode.swift; path = ViewController.swift; sourceTree = "<group>"; };
		B78A73FE29D1E0520007B250 /* Base */ = {isa = PBXFileReference; lastKnownFileType = file.storyboard; name = Base; path = Base.lproj/Main.storyboard; sourceTree = "<group>"; };
		B78A740029D1E0530007B250 /* Assets.xcassets */ = {isa = PBXFileReference; lastKnownFileType = folder.assetcatalog; path = Assets.xcassets; sourceTree = "<group>"; };
		B78A740329D1E0530007B250 /* Base */ = {isa = PBXFileReference; lastKnownFileType = file.storyboard; name = Base; path = Base.lproj/LaunchScreen.storyboard; sourceTree = "<group>"; };
		B78A740529D1E0530007B250 /* Info.plist */ = {isa = PBXFileReference; lastKnownFileType = text.plist.xml; path = Info.plist; sourceTree = "<group>"; };
		B78A740C29D1E0880007B250 /* User.swift */ = {isa = PBXFileReference; lastKnownFileType = sourcecode.swift; path = User.swift; sourceTree = "<group>"; };
		B78A740E29D1E0920007B250 /* Post.swift */ = {isa = PBXFileReference; lastKnownFileType = sourcecode.swift; path = Post.swift; sourceTree = "<group>"; };
		B78A741129D1E11B0007B250 /* LoginViewController.swift */ = {isa = PBXFileReference; lastKnownFileType = sourcecode.swift; path = LoginViewController.swift; sourceTree = "<group>"; };
		B78A741329D1E1470007B250 /* SignUpViewController.swift */ = {isa = PBXFileReference; lastKnownFileType = sourcecode.swift; path = SignUpViewController.swift; sourceTree = "<group>"; };
		B78A741529D1E1670007B250 /* FeedViewController.swift */ = {isa = PBXFileReference; lastKnownFileType = sourcecode.swift; path = FeedViewController.swift; sourceTree = "<group>"; };
		B78A741829D1E1950007B250 /* PostCell.swift */ = {isa = PBXFileReference; lastKnownFileType = sourcecode.swift; path = PostCell.swift; sourceTree = "<group>"; };
		B78A741B29D1E1C60007B250 /* PostViewController.swift */ = {isa = PBXFileReference; lastKnownFileType = sourcecode.swift; path = PostViewController.swift; sourceTree = "<group>"; };
		B78A741E29D1E20F0007B250 /* DateFormatter+Extensions.swift */ = {isa = PBXFileReference; lastKnownFileType = sourcecode.swift; path = "DateFormatter+Extensions.swift"; sourceTree = "<group>"; };
/* End PBXFileReference section */

/* Begin PBXFrameworksBuildPhase section */
		B78A73F129D1E0520007B250 /* Frameworks */ = {
			isa = PBXFrameworksBuildPhase;
			buildActionMask = 2147483647;
			files = (
			);
			runOnlyForDeploymentPostprocessing = 0;
		};
/* End PBXFrameworksBuildPhase section */

/* Begin PBXGroup section */
		B78A73EB29D1E0520007B250 = {
			isa = PBXGroup;
			children = (
				B78A73F629D1E0520007B250 /* BeReal */,
				B78A73F529D1E0520007B250 /* Products */,
			);
			sourceTree = "<group>";
		};
		B78A73F529D1E0520007B250 /* Products */ = {
			isa = PBXGroup;
			children = (
				B78A73F429D1E0520007B250 /* BeReal.app */,
			);
			name = Products;
			sourceTree = "<group>";
		};
		B78A73F629D1E0520007B250 /* BeReal */ = {
			isa = PBXGroup;
			children = (
				B78A741D29D1E1D90007B250 /* Extensions */,
				B78A741A29D1E1AA0007B250 /* Post */,
				B78A741729D1E16C0007B250 /* Feed */,
				B78A741029D1E0E60007B250 /* Login */,
				B78A740B29D1E0760007B250 /* Models */,
				B78A73F729D1E0520007B250 /* AppDelegate.swift */,
				B78A73F929D1E0520007B250 /* SceneDelegate.swift */,
				B78A73FB29D1E0520007B250 /* ViewController.swift */,
				B78A73FD29D1E0520007B250 /* Main.storyboard */,
				B78A740029D1E0530007B250 /* Assets.xcassets */,
				B78A740229D1E0530007B250 /* LaunchScreen.storyboard */,
				B78A740529D1E0530007B250 /* Info.plist */,
			);
			path = BeReal;
			sourceTree = "<group>";
		};
		B78A740B29D1E0760007B250 /* Models */ = {
			isa = PBXGroup;
			children = (
				B78A740C29D1E0880007B250 /* User.swift */,
				B78A740E29D1E0920007B250 /* Post.swift */,
			);
			path = Models;
			sourceTree = "<group>";
		};
		B78A741029D1E0E60007B250 /* Login */ = {
			isa = PBXGroup;
			children = (
				B78A741129D1E11B0007B250 /* LoginViewController.swift */,
				B78A741329D1E1470007B250 /* SignUpViewController.swift */,
			);
			path = Login;
			sourceTree = "<group>";
		};
		B78A741729D1E16C0007B250 /* Feed */ = {
			isa = PBXGroup;
			children = (
				B78A741529D1E1670007B250 /* FeedViewController.swift */,
				B78A741829D1E1950007B250 /* PostCell.swift */,
			);
			path = Feed;
			sourceTree = "<group>";
		};
		B78A741A29D1E1AA0007B250 /* Post */ = {
			isa = PBXGroup;
			children = (
				B78A741B29D1E1C60007B250 /* PostViewController.swift */,
			);
			path = Post;
			sourceTree = "<group>";
		};
		B78A741D29D1E1D90007B250 /* Extensions */ = {
			isa = PBXGroup;
			children = (
				B78A741E29D1E20F0007B250 /* DateFormatter+Extensions.swift */,
			);
			path = Extensions;
			sourceTree = "<group>";
		};
/* End PBXGroup section */

/* Begin PBXNativeTarget section */
		B78A73F329D1E0520007B250 /* BeReal */ = {
			isa = PBXNativeTarget;
			buildConfigurationList = B78A740829D1E0530007B250 /* Build configuration list for PBXNativeTarget "BeReal" */;
			buildPhases = (
				B78A73F029D1E0520007B250 /* Sources */,
				B78A73F129D1E0520007B250 /* Frameworks */,
				B78A73F229D1E0520007B250 /* Resources */,
			);
			buildRules = (
			);
			dependencies = (
			);
			name = BeReal;
			productName = BeReal;
			productReference = B78A73F429D1E0520007B250 /* BeReal.app */;
			productType = "com.apple.product-type.application";
		};
/* End PBXNativeTarget section */

/* Begin PBXProject section */
		B78A73EC29D1E0520007B250 /* Project object */ = {
			isa = PBXProject;
			attributes = {
				BuildIndependentTargetsInParallel = 1;
				LastSwiftUpdateCheck = 1420;
				LastUpgradeCheck = 1420;
				TargetAttributes = {
					B78A73F329D1E0520007B250 = {
						CreatedOnToolsVersion = 14.2;
					};
				};
			};
			buildConfigurationList = B78A73EF29D1E0520007B250 /* Build configuration list for PBXProject "BeReal" */;
			compatibilityVersion = "Xcode 14.0";
			developmentRegion = en;
			hasScannedForEncodings = 0;
			knownRegions = (
				en,
				Base,
			);
			mainGroup = B78A73EB29D1E0520007B250;
			productRefGroup = B78A73F529D1E0520007B250 /* Products */;
			projectDirPath = "";
			projectRoot = "";
			targets = (
				B78A73F329D1E0520007B250 /* BeReal */,
			);
		};
/* End PBXProject section */

/* Begin PBXResourcesBuildPhase section */
		B78A73F229D1E0520007B250 /* Resources */ = {
			isa = PBXResourcesBuildPhase;
			buildActionMask = 2147483647;
			files = (
				B78A740429D1E0530007B250 /* LaunchScreen.storyboard in Resources */,
				B78A740129D1E0530007B250 /* Assets.xcassets in Resources */,
				B78A73FF29D1E0520007B250 /* Main.storyboard in Resources */,
			);
			runOnlyForDeploymentPostprocessing = 0;
		};
/* End PBXResourcesBuildPhase section */

/* Begin PBXSourcesBuildPhase section */
		B78A73F029D1E0520007B250 /* Sources */ = {
			isa = PBXSourcesBuildPhase;
			buildActionMask = 2147483647;
			files = (
				B78A741229D1E11B0007B250 /* LoginViewController.swift in Sources */,
				B78A741429D1E1470007B250 /* SignUpViewController.swift in Sources */,
				B78A740D29D1E0880007B250 /* User.swift in Sources */,
				B78A73FC29D1E0520007B250 /* ViewController.swift in Sources */,
				B78A741C29D1E1C60007B250 /* PostViewController.swift in Sources */,
				B78A73F829D1E0520007B250 /* AppDelegate.swift in Sources */,
				B78A741929D1E1950007B250 /* PostCell.swift in Sources */,
				B78A73FA29D1E0520007B250 /* SceneDelegate.swift in Sources */,
				B78A741629D1E1670007B250 /* FeedViewController.swift in Sources */,
				B78A741F29D1E20F0007B250 /* DateFormatter+Extensions.swift in Sources */,
				B78A740F29D1E0920007B250 /* Post.swift in Sources */,
			);
			runOnlyForDeploymentPostprocessing = 0;
		};
/* End PBXSourcesBuildPhase section */

/* Begin PBXVariantGroup section */
		B78A73FD29D1E0520007B250 /* Main.storyboard */ = {
			isa = PBXVariantGroup;
			children = (
				B78A73FE29D1E0520007B250 /* Base */,
			);
			name = Main.storyboard;
			sourceTree = "<group>";
		};
		B78A740229D1E0530007B250 /* LaunchScreen.storyboard */ = {
			isa = PBXVariantGroup;
			children = (
				B78A740329D1E0530007B250 /* Base */,
			);
			name = LaunchScreen.storyboard;
			sourceTree = "<group>";
		};
/* End PBXVariantGroup section */

/* Begin XCBuildConfiguration section */
		B78A740629D1E0530007B250 /* Debug */ = {
			isa = XCBuildConfiguration;
			buildSettings = {
				ALWAYS_SEARCH_USER_PATHS = NO;
				CLANG_ANALYZER_NONNULL = YES;
				CLANG_ANALYZER_NUMBER_OBJECT_CONVERSION = YES_AGGRESSIVE;
				CLANG_CXX_LANGUAGE_STANDARD = "gnu++20";
				CLANG_ENABLE_MODULES = YES;
				CLANG_ENABLE_OBJC_ARC = YES;
				CLANG_ENABLE_OBJC_WEAK = YES;
				CLANG_WARN_BLOCK_CAPTURE_AUTORELEASING = YES;
				CLANG_WARN_BOOL_CONVERSION = YES;
				CLANG_WARN_COMMA = YES;
				CLANG_WARN_CONSTANT_CONVERSION = YES;
				CLANG_WARN_DEPRECATED_OBJC_IMPLEMENTATIONS = YES;
				CLANG_WARN_DIRECT_OBJC_ISA_USAGE = YES_ERROR;
				CLANG_WARN_DOCUMENTATION_COMMENTS = YES;
				CLANG_WARN_EMPTY_BODY = YES;
				CLANG_WARN_ENUM_CONVERSION = YES;
				CLANG_WARN_INFINITE_RECURSION = YES;
				CLANG_WARN_INT_CONVERSION = YES;
				CLANG_WARN_NON_LITERAL_NULL_CONVERSION = YES;
				CLANG_WARN_OBJC_IMPLICIT_RETAIN_SELF = YES;
				CLANG_WARN_OBJC_LITERAL_CONVERSION = YES;
				CLANG_WARN_OBJC_ROOT_CLASS = YES_ERROR;
				CLANG_WARN_QUOTED_INCLUDE_IN_FRAMEWORK_HEADER = YES;
				CLANG_WARN_RANGE_LOOP_ANALYSIS = YES;
				CLANG_WARN_STRICT_PROTOTYPES = YES;
				CLANG_WARN_SUSPICIOUS_MOVE = YES;
				CLANG_WARN_UNGUARDED_AVAILABILITY = YES_AGGRESSIVE;
				CLANG_WARN_UNREACHABLE_CODE = YES;
				CLANG_WARN__DUPLICATE_METHOD_MATCH = YES;
				COPY_PHASE_STRIP = NO;
				DEBUG_INFORMATION_FORMAT = dwarf;
				ENABLE_STRICT_OBJC_MSGSEND = YES;
				ENABLE_TESTABILITY = YES;
				GCC_C_LANGUAGE_STANDARD = gnu11;
				GCC_DYNAMIC_NO_PIC = NO;
				GCC_NO_COMMON_BLOCKS = YES;
				GCC_OPTIMIZATION_LEVEL = 0;
				GCC_PREPROCESSOR_DEFINITIONS = (
					"DEBUG=1",
					"$(inherited)",
				);
				GCC_WARN_64_TO_32_BIT_CONVERSION = YES;
				GCC_WARN_ABOUT_RETURN_TYPE = YES_ERROR;
				GCC_WARN_UNDECLARED_SELECTOR = YES;
				GCC_WARN_UNINITIALIZED_AUTOS = YES_AGGRESSIVE;
				GCC_WARN_UNUSED_FUNCTION = YES;
				GCC_WARN_UNUSED_VARIABLE = YES;
				IPHONEOS_DEPLOYMENT_TARGET = 16.2;
				MTL_ENABLE_DEBUG_INFO = INCLUDE_SOURCE;
				MTL_FAST_MATH = YES;
				ONLY_ACTIVE_ARCH = YES;
				SDKROOT = iphoneos;
				SWIFT_ACTIVE_COMPILATION_CONDITIONS = DEBUG;
				SWIFT_OPTIMIZATION_LEVEL = "-Onone";
			};
			name = Debug;
		};
		B78A740729D1E0530007B250 /* Release */ = {
			isa = XCBuildConfiguration;
			buildSettings = {
				ALWAYS_SEARCH_USER_PATHS = NO;
				CLANG_ANALYZER_NONNULL = YES;
				CLANG_ANALYZER_NUMBER_OBJECT_CONVERSION = YES_AGGRESSIVE;
				CLANG_CXX_LANGUAGE_STANDARD = "gnu++20";
				CLANG_ENABLE_MODULES = YES;
				CLANG_ENABLE_OBJC_ARC = YES;
				CLANG_ENABLE_OBJC_WEAK = YES;
				CLANG_WARN_BLOCK_CAPTURE_AUTORELEASING = YES;
				CLANG_WARN_BOOL_CONVERSION = YES;
				CLANG_WARN_COMMA = YES;
				CLANG_WARN_CONSTANT_CONVERSION = YES;
				CLANG_WARN_DEPRECATED_OBJC_IMPLEMENTATIONS = YES;
				CLANG_WARN_DIRECT_OBJC_ISA_USAGE = YES_ERROR;
				CLANG_WARN_DOCUMENTATION_COMMENTS = YES;
				CLANG_WARN_EMPTY_BODY = YES;
				CLANG_WARN_ENUM_CONVERSION = YES;
				CLANG_WARN_INFINITE_RECURSION = YES;
				CLANG_WARN_INT_CONVERSION = YES;
				CLANG_WARN_NON_LITERAL_NULL_CONVERSION = YES;
				CLANG_WARN_OBJC_IMPLICIT_RETAIN_SELF = YES;
				CLANG_WARN_OBJC_LITERAL_CONVERSION = YES;
				CLANG_WARN_OBJC_ROOT_CLASS = YES_ERROR;
				CLANG_WARN_QUOTED_INCLUDE_IN_FRAMEWORK_HEADER = YES;
				CLANG_WARN_RANGE_LOOP_ANALYSIS = YES;
				CLANG_WARN_STRICT_PROTOTYPES = YES;
				CLANG_WARN_SUSPICIOUS_MOVE = YES;
				CLANG_WARN_UNGUARDED_AVAILABILITY = YES_AGGRESSIVE;
				CLANG_WARN_UNREACHABLE_CODE = YES;
				CLANG_WARN__DUPLICATE_METHOD_MATCH = YES;
				COPY_PHASE_STRIP = NO;
				DEBUG_INFORMATION_FORMAT = "dwarf-with-dsym";
				ENABLE_NS_ASSERTIONS = NO;
				ENABLE_STRICT_OBJC_MSGSEND = YES;
				GCC_C_LANGUAGE_STANDARD = gnu11;
				GCC_NO_COMMON_BLOCKS = YES;
				GCC_WARN_64_TO_32_BIT_CONVERSION = YES;
				GCC_WARN_ABOUT_RETURN_TYPE = YES_ERROR;
				GCC_WARN_UNDECLARED_SELECTOR = YES;
				GCC_WARN_UNINITIALIZED_AUTOS = YES_AGGRESSIVE;
				GCC_WARN_UNUSED_FUNCTION = YES;
				GCC_WARN_UNUSED_VARIABLE = YES;
				IPHONEOS_DEPLOYMENT_TARGET = 16.2;
				MTL_ENABLE_DEBUG_INFO = NO;
				MTL_FAST_MATH = YES;
				SDKROOT = iphoneos;
				SWIFT_COMPILATION_MODE = wholemodule;
				SWIFT_OPTIMIZATION_LEVEL = "-O";
				VALIDATE_PRODUCT = YES;
			};
			name = Release;
		};
		B78A740929D1E0530007B250 /* Debug */ = {
			isa = XCBuildConfiguration;
			buildSettings = {
				ASSETCATALOG_COMPILER_APPICON_NAME = AppIcon;
				ASSETCATALOG_COMPILER_GLOBAL_ACCENT_COLOR_NAME = AccentColor;
				CODE_SIGN_STYLE = Automatic;
				CURRENT_PROJECT_VERSION = 1;
				DEVELOPMENT_TEAM = FW5BACSZ6A;
				GENERATE_INFOPLIST_FILE = YES;
				INFOPLIST_FILE = BeReal/Info.plist;
				INFOPLIST_KEY_CFBundleDisplayName = "Be Real";
				INFOPLIST_KEY_UIApplicationSupportsIndirectInputEvents = YES;
				INFOPLIST_KEY_UILaunchStoryboardName = LaunchScreen;
				INFOPLIST_KEY_UIMainStoryboardFile = Main;
				INFOPLIST_KEY_UISupportedInterfaceOrientations_iPad = "UIInterfaceOrientationPortrait UIInterfaceOrientationPortraitUpsideDown UIInterfaceOrientationLandscapeLeft UIInterfaceOrientationLandscapeRight";
				INFOPLIST_KEY_UISupportedInterfaceOrientations_iPhone = "UIInterfaceOrientationPortrait UIInterfaceOrientationLandscapeLeft UIInterfaceOrientationLandscapeRight";
				IPHONEOS_DEPLOYMENT_TARGET = 15.0;
				LD_RUNPATH_SEARCH_PATHS = (
					"$(inherited)",
					"@executable_path/Frameworks",
				);
				MARKETING_VERSION = 1.0;
				PRODUCT_BUNDLE_IDENTIFIER = com.daize.BeReal;
				PRODUCT_NAME = "$(TARGET_NAME)";
				SWIFT_EMIT_LOC_STRINGS = YES;
				SWIFT_VERSION = 5.0;
				TARGETED_DEVICE_FAMILY = "1,2";
			};
			name = Debug;
		};
		B78A740A29D1E0530007B250 /* Release */ = {
			isa = XCBuildConfiguration;
			buildSettings = {
				ASSETCATALOG_COMPILER_APPICON_NAME = AppIcon;
				ASSETCATALOG_COMPILER_GLOBAL_ACCENT_COLOR_NAME = AccentColor;
				CODE_SIGN_STYLE = Automatic;
				CURRENT_PROJECT_VERSION = 1;
				DEVELOPMENT_TEAM = FW5BACSZ6A;
				GENERATE_INFOPLIST_FILE = YES;
				INFOPLIST_FILE = BeReal/Info.plist;
				INFOPLIST_KEY_CFBundleDisplayName = "Be Real";
				INFOPLIST_KEY_UIApplicationSupportsIndirectInputEvents = YES;
				INFOPLIST_KEY_UILaunchStoryboardName = LaunchScreen;
				INFOPLIST_KEY_UIMainStoryboardFile = Main;
				INFOPLIST_KEY_UISupportedInterfaceOrientations_iPad = "UIInterfaceOrientationPortrait UIInterfaceOrientationPortraitUpsideDown UIInterfaceOrientationLandscapeLeft UIInterfaceOrientationLandscapeRight";
				INFOPLIST_KEY_UISupportedInterfaceOrientations_iPhone = "UIInterfaceOrientationPortrait UIInterfaceOrientationLandscapeLeft UIInterfaceOrientationLandscapeRight";
				IPHONEOS_DEPLOYMENT_TARGET = 15.0;
				LD_RUNPATH_SEARCH_PATHS = (
					"$(inherited)",
					"@executable_path/Frameworks",
				);
				MARKETING_VERSION = 1.0;
				PRODUCT_BUNDLE_IDENTIFIER = com.daize.BeReal;
				PRODUCT_NAME = "$(TARGET_NAME)";
				SWIFT_EMIT_LOC_STRINGS = YES;
				SWIFT_VERSION = 5.0;
				TARGETED_DEVICE_FAMILY = "1,2";
			};
			name = Release;
		};
/* End XCBuildConfiguration section */

/* Begin XCConfigurationList section */
		B78A73EF29D1E0520007B250 /* Build configuration list for PBXProject "BeReal" */ = {
			isa = XCConfigurationList;
			buildConfigurations = (
				B78A740629D1E0530007B250 /* Debug */,
				B78A740729D1E0530007B250 /* Release */,
			);
			defaultConfigurationIsVisible = 0;
			defaultConfigurationName = Release;
		};
		B78A740829D1E0530007B250 /* Build configuration list for PBXNativeTarget "BeReal" */ = {
			isa = XCConfigurationList;
			buildConfigurations = (
				B78A740929D1E0530007B250 /* Debug */,
				B78A740A29D1E0530007B250 /* Release */,
			);
			defaultConfigurationIsVisible = 0;
			defaultConfigurationName = Release;
		};
/* End XCConfigurationList section */
	};
	rootObject = B78A73EC29D1E0520007B250 /* Project object */;
}
